
Microsoft Visual Studio Solution File, Format Version 12.00
# Visual Studio 14
VisualStudioVersion = 14.0.25420.1
MinimumVisualStudioVersion = 10.0.40219.1
Project("{FAE04EC0-301F-11D3-BF4B-00C04F79EFBC}") = "MovieRating.Entities", "MovieRating.Entities\MovieRating.Entities.csproj", "{3E895D64-2EDC-4D40-A018-FB9FF1CF6C5E}"
EndProject
Project("{FAE04EC0-301F-11D3-BF4B-00C04F79EFBC}") = "MovieRating.Data", "MovieRating.Data\MovieRating.Data.csproj", "{15FE98E4-EA46-4401-B8B9-FD57A1719863}"
EndProject
Project("{FAE04EC0-301F-11D3-BF4B-00C04F79EFBC}") = "MovieRating.Services", "MovieRating.Services\MovieRating.Services.csproj", "{BEF64E4E-FBCF-4D72-864D-804666FBA8B0}"
EndProject
Project("{FAE04EC0-301F-11D3-BF4B-00C04F79EFBC}") = "MovieRating.Web", "MovieRating.Web\MovieRating.Web.csproj", "{3AE56B6C-2EE5-46DC-AB26-952F62FEDE95}"
EndProject
Global
	GlobalSection(SolutionConfigurationPlatforms) = preSolution
		Debug|Any CPU = Debug|Any CPU
		Release|Any CPU = Release|Any CPU
	EndGlobalSection
	GlobalSection(ProjectConfigurationPlatforms) = postSolution
		{3E895D64-2EDC-4D40-A018-FB9FF1CF6C5E}.Debug|Any CPU.ActiveCfg = Debug|Any CPU
		{3E895D64-2EDC-4D40-A018-FB9FF1CF6C5E}.Debug|Any CPU.Build.0 = Debug|Any CPU
		{3E895D64-2EDC-4D40-A018-FB9FF1CF6C5E}.Release|Any CPU.ActiveCfg = Release|Any CPU
		{3E895D64-2EDC-4D40-A018-FB9FF1CF6C5E}.Release|Any CPU.Build.0 = Release|Any CPU
		{15FE98E4-EA46-4401-B8B9-FD57A1719863}.Debug|Any CPU.ActiveCfg = Debug|Any CPU
		{15FE98E4-EA46-4401-B8B9-FD57A1719863}.Debug|Any CPU.Build.0 = Debug|Any CPU
		{15FE98E4-EA46-4401-B8B9-FD57A1719863}.Release|Any CPU.ActiveCfg = Release|Any CPU
		{15FE98E4-EA46-4401-B8B9-FD57A1719863}.Release|Any CPU.Build.0 = Release|Any CPU
		{BEF64E4E-FBCF-4D72-864D-804666FBA8B0}.Debug|Any CPU.ActiveCfg = Debug|Any CPU
		{BEF64E4E-FBCF-4D72-864D-804666FBA8B0}.Debug|Any CPU.Build.0 = Debug|Any CPU
		{BEF64E4E-FBCF-4D72-864D-804666FBA8B0}.Release|Any CPU.ActiveCfg = Release|Any CPU
		{BEF64E4E-FBCF-4D72-864D-804666FBA8B0}.Release|Any CPU.Build.0 = Release|Any CPU
		{3AE56B6C-2EE5-46DC-AB26-952F62FEDE95}.Debug|Any CPU.ActiveCfg = Debug|Any CPU
		{3AE56B6C-2EE5-46DC-AB26-952F62FEDE95}.Debug|Any CPU.Build.0 = Debug|Any CPU
		{3AE56B6C-2EE5-46DC-AB26-952F62FEDE95}.Release|Any CPU.ActiveCfg = Release|Any CPU
		{3AE56B6C-2EE5-46DC-AB26-952F62FEDE95}.Release|Any CPU.Build.0 = Release|Any CPU
	EndGlobalSection
	GlobalSection(SolutionProperties) = preSolution
		HideSolutionNode = FALSE
	EndGlobalSection
EndGlobal
